
Microsoft Visual Studio Solution File, Format Version 12.00
Project("{FAE04EC0-301F-11D3-BF4B-00C04F79EFBC}") = "Ecosia.Api", "Ecosia.Api\Ecosia.Api.csproj", "{89C18F4F-A76A-46EE-958F-6E2A9AE6C27D}"
EndProject
Global
	GlobalSection(SolutionConfigurationPlatforms) = preSolution
		Debug|Any CPU = Debug|Any CPU
		Release|Any CPU = Release|Any CPU
	EndGlobalSection
	GlobalSection(ProjectConfigurationPlatforms) = postSolution
		{89C18F4F-A76A-46EE-958F-6E2A9AE6C27D}.Debug|Any CPU.ActiveCfg = Debug|Any CPU
		{89C18F4F-A76A-46EE-958F-6E2A9AE6C27D}.Debug|Any CPU.Build.0 = Debug|Any CPU
		{89C18F4F-A76A-46EE-958F-6E2A9AE6C27D}.Release|Any CPU.ActiveCfg = Release|Any CPU
		{89C18F4F-A76A-46EE-958F-6E2A9AE6C27D}.Release|Any CPU.Build.0 = Release|Any CPU
	EndGlobalSection
EndGlobal
